<?xml version="1.0" encoding="utf-8"?>
<Project ToolsVersion="4.0" xmlns="http://schemas.microsoft.com/developer/msbuild/2003">
  <ItemGroup>
    <Filter Include="EngineCore">
      <UniqueIdentifier>{9f48ef18-e17b-434c-bd4f-ee33bf0da960}</UniqueIdentifier>
    </Filter>
    <Filter Include="Game">
      <UniqueIdentifier>{828e8192-b35d-4c06-b32f-d34386f6d686}</UniqueIdentifier>
    </Filter>
    <Filter Include="Shaders">
      <UniqueIdentifier>{2dd83876-60a2-4672-8243-1cca01648a6f}</UniqueIdentifier>
    </Filter>
    <Filter Include="Vendor">
      <UniqueIdentifier>{5ddb49b1-271c-46b5-939f-51453f687852}</UniqueIdentifier>
    </Filter>
    <Filter Include="Vendor\ImGUI">
      <UniqueIdentifier>{ad18e0f5-ab5a-45fd-8df1-c34ec727a302}</UniqueIdentifier>
    </Filter>
  </ItemGroup>
  <ItemGroup>
    <ClCompile Include="Game\main.cpp">
      <Filter>Game</Filter>
    </ClCompile>
    <ClCompile Include="EngineCore\GLibWindow.cpp">
      <Filter>EngineCore</Filter>
    </ClCompile>
    <ClCompile Include="EngineCore\GLib.cpp">
      <Filter>EngineCore</Filter>
    </ClCompile>
    <ClCompile Include="EngineCore\GLibDevice.cpp">
      <Filter>EngineCore</Filter>
    </ClCompile>
    <ClCompile Include="EngineCore\GLibMessage.cpp">
      <Filter>EngineCore</Filter>
    </ClCompile>
    <ClCompile Include="EngineCore\GLibCommandQueue.cpp">
      <Filter>EngineCore</Filter>
    </ClCompile>
    <ClCompile Include="EngineCore\GLibCommandAllocator.cpp">
      <Filter>EngineCore</Filter>
    </ClCompile>
    <ClCompile Include="EngineCore\GLibGraphicsCommandList.cpp">
      <Filter>EngineCore</Filter>
    </ClCompile>
    <ClCompile Include="EngineCore\GLibFence.cpp">
      <Filter>EngineCore</Filter>
    </ClCompile>
    <ClCompile Include="EngineCore\GLibSwapChain.cpp">
      <Filter>EngineCore</Filter>
    </ClCompile>
    <ClCompile Include="EngineCore\GLibDescriptorHeap.cpp">
      <Filter>EngineCore</Filter>
    </ClCompile>
    <ClCompile Include="EngineCore\GLibRootSignature.cpp">
      <Filter>EngineCore</Filter>
    </ClCompile>
    <ClCompile Include="EngineCore\GLibVertexBuffer.cpp">
      <Filter>EngineCore</Filter>
    </ClCompile>
    <ClCompile Include="EngineCore\GLibIndexBuffer.cpp">
      <Filter>EngineCore</Filter>
    </ClCompile>
    <ClCompile Include="EngineCore\GLibTexture.cpp">
      <Filter>EngineCore</Filter>
    </ClCompile>
    <ClCompile Include="EngineCore\GLibConstantBuffer.cpp">
      <Filter>EngineCore</Filter>
    </ClCompile>
    <ClCompile Include="EngineCore\GLibDescriptorPool.cpp">
      <Filter>EngineCore</Filter>
    </ClCompile>
    <ClCompile Include="EngineCore\GLibPipeline.cpp">
      <Filter>EngineCore</Filter>
    </ClCompile>
    <ClCompile Include="EngineCore\GLibTime.cpp">
      <Filter>EngineCore</Filter>
    </ClCompile>
    <ClCompile Include="Vendor\ImGUI\imgui.cpp">
      <Filter>Vendor\ImGUI</Filter>
    </ClCompile>
    <ClCompile Include="Vendor\ImGUI\imgui_demo.cpp">
      <Filter>Vendor\ImGUI</Filter>
    </ClCompile>
    <ClCompile Include="Vendor\ImGUI\imgui_draw.cpp">
      <Filter>Vendor\ImGUI</Filter>
    </ClCompile>
    <ClCompile Include="Vendor\ImGUI\imgui_impl_dx12.cpp">
      <Filter>Vendor\ImGUI</Filter>
    </ClCompile>
    <ClCompile Include="Vendor\ImGUI\imgui_impl_win32.cpp">
      <Filter>Vendor\ImGUI</Filter>
    </ClCompile>
    <ClCompile Include="Vendor\ImGUI\imgui_widgets.cpp">
      <Filter>Vendor\ImGUI</Filter>
    </ClCompile>
  </ItemGroup>
  <ItemGroup>
    <None Include="packages.config" />
  </ItemGroup>
  <ItemGroup>
    <ClInclude Include="EngineCore\GLibWindow.h">
      <Filter>EngineCore</Filter>
    </ClInclude>
    <ClInclude Include="EngineCore\GLibDevice.h">
      <Filter>EngineCore</Filter>
    </ClInclude>
    <ClInclude Include="EngineCore\GLibCommandAllocator.h">
      <Filter>EngineCore</Filter>
    </ClInclude>
    <ClInclude Include="EngineCore\GLibGraphicsCommandList.h">
      <Filter>EngineCore</Filter>
    </ClInclude>
    <ClInclude Include="EngineCore\GLibCommandQueue.h">
      <Filter>EngineCore</Filter>
    </ClInclude>
    <ClInclude Include="EngineCore\GLibFence.h">
      <Filter>EngineCore</Filter>
    </ClInclude>
    <ClInclude Include="EngineCore\GLibDebug.h">
      <Filter>EngineCore</Filter>
    </ClInclude>
    <ClInclude Include="EngineCore\GLibLogger.h">
      <Filter>EngineCore</Filter>
    </ClInclude>
    <ClInclude Include="EngineCore\GLib.h">
      <Filter>EngineCore</Filter>
    </ClInclude>
    <ClInclude Include="EngineCore\GLibMessage.h">
      <Filter>EngineCore</Filter>
    </ClInclude>
    <ClInclude Include="EngineCore\GLibComPtr.h">
      <Filter>EngineCore</Filter>
    </ClInclude>
    <ClInclude Include="EngineCore\GLibStringUtil.h">
      <Filter>EngineCore</Filter>
    </ClInclude>
    <ClInclude Include="EngineCore\GLibSwapChain.h">
      <Filter>EngineCore</Filter>
    </ClInclude>
    <ClInclude Include="EngineCore\GLibDescriptorHeap.h">
      <Filter>EngineCore</Filter>
    </ClInclude>
    <ClInclude Include="EngineCore\GLibRootSignature.h">
      <Filter>EngineCore</Filter>
    </ClInclude>
    <ClInclude Include="EngineCore\GLibPipeline.h">
      <Filter>EngineCore</Filter>
    </ClInclude>
    <ClInclude Include="EngineCore\GLibVertexBuffer.h">
      <Filter>EngineCore</Filter>
    </ClInclude>
    <ClInclude Include="EngineCore\GLibIndexBuffer.h">
      <Filter>EngineCore</Filter>
    </ClInclude>
    <ClInclude Include="EngineCore\GLibTexture.h">
      <Filter>EngineCore</Filter>
    </ClInclude>
    <ClInclude Include="EngineCore\GLibConstantBuffer.h">
      <Filter>EngineCore</Filter>
    </ClInclude>
    <ClInclude Include="EngineCore\GLibDescriptorPool.h">
      <Filter>EngineCore</Filter>
    </ClInclude>
    <ClInclude Include="EngineCore\GLibTime.h">
      <Filter>EngineCore</Filter>
    </ClInclude>
    <ClInclude Include="Vendor\ImGUI\imconfig.h">
      <Filter>Vendor\ImGUI</Filter>
    </ClInclude>
    <ClInclude Include="Vendor\ImGUI\imgui.h">
      <Filter>Vendor\ImGUI</Filter>
    </ClInclude>
    <ClInclude Include="Vendor\ImGUI\imgui_impl_dx12.h">
      <Filter>Vendor\ImGUI</Filter>
    </ClInclude>
    <ClInclude Include="Vendor\ImGUI\imgui_impl_win32.h">
      <Filter>Vendor\ImGUI</Filter>
    </ClInclude>
    <ClInclude Include="Vendor\ImGUI\imgui_internal.h">
      <Filter>Vendor\ImGUI</Filter>
    </ClInclude>
    <ClInclude Include="Vendor\ImGUI\imstb_rectpack.h">
      <Filter>Vendor\ImGUI</Filter>
    </ClInclude>
    <ClInclude Include="Vendor\ImGUI\imstb_textedit.h">
      <Filter>Vendor\ImGUI</Filter>
    </ClInclude>
    <ClInclude Include="Vendor\ImGUI\imstb_truetype.h">
      <Filter>Vendor\ImGUI</Filter>
    </ClInclude>
    <ClInclude Include="EngineCore\GLibMemory.h">
      <Filter>EngineCore</Filter>
    </ClInclude>
  </ItemGroup>
</Project>