<?xml version="1.0" encoding="utf-8"?>
<Project ToolsVersion="4.0" xmlns="http://schemas.microsoft.com/developer/msbuild/2003">
  <ItemGroup>
    <Filter Include="EngineCore">
      <UniqueIdentifier>{9f48ef18-e17b-434c-bd4f-ee33bf0da960}</UniqueIdentifier>
    </Filter>
    <Filter Include="Game">
      <UniqueIdentifier>{828e8192-b35d-4c06-b32f-d34386f6d686}</UniqueIdentifier>
    </Filter>
    <Filter Include="EngineCore\Vendor">
      <UniqueIdentifier>{5ddb49b1-271c-46b5-939f-51453f687852}</UniqueIdentifier>
    </Filter>
    <Filter Include="Resources">
      <UniqueIdentifier>{ed626107-295c-4628-9d14-511b4307837b}</UniqueIdentifier>
    </Filter>
    <Filter Include="Resources\Shaders">
      <UniqueIdentifier>{2dd83876-60a2-4672-8243-1cca01648a6f}</UniqueIdentifier>
    </Filter>
    <Filter Include="EngineCore\Vendor\magic_enum">
      <UniqueIdentifier>{9a4357ca-e257-43c8-a5d7-d68d38b085fc}</UniqueIdentifier>
    </Filter>
    <Filter Include="EngineCore\Vendor\nlohmann">
      <UniqueIdentifier>{68a2e9b4-2ffa-4a8c-817c-ae2d57a5a105}</UniqueIdentifier>
    </Filter>
    <Filter Include="EngineCore\Vendor\stbi">
      <UniqueIdentifier>{848c87f0-6c47-4eaa-8e62-f3697860a12f}</UniqueIdentifier>
    </Filter>
  </ItemGroup>
  <ItemGroup>
    <ClCompile Include="Game\main.cpp">
      <Filter>Game</Filter>
    </ClCompile>
    <ClCompile Include="EngineCore\GLibWindow.cpp">
      <Filter>EngineCore</Filter>
    </ClCompile>
    <ClCompile Include="EngineCore\GLib.cpp">
      <Filter>EngineCore</Filter>
    </ClCompile>
    <ClCompile Include="EngineCore\GLibDevice.cpp">
      <Filter>EngineCore</Filter>
    </ClCompile>
    <ClCompile Include="EngineCore\GLibMessage.cpp">
      <Filter>EngineCore</Filter>
    </ClCompile>
    <ClCompile Include="EngineCore\GLibCommandQueue.cpp">
      <Filter>EngineCore</Filter>
    </ClCompile>
    <ClCompile Include="EngineCore\GLibCommandAllocator.cpp">
      <Filter>EngineCore</Filter>
    </ClCompile>
    <ClCompile Include="EngineCore\GLibGraphicsCommandList.cpp">
      <Filter>EngineCore</Filter>
    </ClCompile>
    <ClCompile Include="EngineCore\GLibFence.cpp">
      <Filter>EngineCore</Filter>
    </ClCompile>
    <ClCompile Include="EngineCore\GLibSwapChain.cpp">
      <Filter>EngineCore</Filter>
    </ClCompile>
    <ClCompile Include="EngineCore\GLibDescriptorHeap.cpp">
      <Filter>EngineCore</Filter>
    </ClCompile>
    <ClCompile Include="EngineCore\GLibVertexBuffer.cpp">
      <Filter>EngineCore</Filter>
    </ClCompile>
    <ClCompile Include="EngineCore\GLibIndexBuffer.cpp">
      <Filter>EngineCore</Filter>
    </ClCompile>
    <ClCompile Include="EngineCore\GLibTexture.cpp">
      <Filter>EngineCore</Filter>
    </ClCompile>
    <ClCompile Include="EngineCore\GLibConstantBuffer.cpp">
      <Filter>EngineCore</Filter>
    </ClCompile>
    <ClCompile Include="EngineCore\GLibDescriptorPool.cpp">
      <Filter>EngineCore</Filter>
    </ClCompile>
    <ClCompile Include="EngineCore\GLibPipeline.cpp">
      <Filter>EngineCore</Filter>
    </ClCompile>
    <ClCompile Include="EngineCore\GLibTime.cpp">
      <Filter>EngineCore</Filter>
    </ClCompile>
  </ItemGroup>
  <ItemGroup>
    <None Include="packages.config" />
    <None Include="Resources\Shaders\Constant.hlsli">
      <Filter>Resources\Shaders</Filter>
    </None>
  </ItemGroup>
  <ItemGroup>
    <ClInclude Include="EngineCore\GLibWindow.h">
      <Filter>EngineCore</Filter>
    </ClInclude>
    <ClInclude Include="EngineCore\GLibDevice.h">
      <Filter>EngineCore</Filter>
    </ClInclude>
    <ClInclude Include="EngineCore\GLibCommandAllocator.h">
      <Filter>EngineCore</Filter>
    </ClInclude>
    <ClInclude Include="EngineCore\GLibGraphicsCommandList.h">
      <Filter>EngineCore</Filter>
    </ClInclude>
    <ClInclude Include="EngineCore\GLibCommandQueue.h">
      <Filter>EngineCore</Filter>
    </ClInclude>
    <ClInclude Include="EngineCore\GLibFence.h">
      <Filter>EngineCore</Filter>
    </ClInclude>
    <ClInclude Include="EngineCore\GLibDebug.h">
      <Filter>EngineCore</Filter>
    </ClInclude>
    <ClInclude Include="EngineCore\GLibLogger.h">
      <Filter>EngineCore</Filter>
    </ClInclude>
    <ClInclude Include="EngineCore\GLib.h">
      <Filter>EngineCore</Filter>
    </ClInclude>
    <ClInclude Include="EngineCore\GLibMessage.h">
      <Filter>EngineCore</Filter>
    </ClInclude>
    <ClInclude Include="EngineCore\GLibComPtr.h">
      <Filter>EngineCore</Filter>
    </ClInclude>
    <ClInclude Include="EngineCore\GLibStringUtil.h">
      <Filter>EngineCore</Filter>
    </ClInclude>
    <ClInclude Include="EngineCore\GLibSwapChain.h">
      <Filter>EngineCore</Filter>
    </ClInclude>
    <ClInclude Include="EngineCore\GLibDescriptorHeap.h">
      <Filter>EngineCore</Filter>
    </ClInclude>
    <ClInclude Include="EngineCore\GLibPipeline.h">
      <Filter>EngineCore</Filter>
    </ClInclude>
    <ClInclude Include="EngineCore\GLibVertexBuffer.h">
      <Filter>EngineCore</Filter>
    </ClInclude>
    <ClInclude Include="EngineCore\GLibIndexBuffer.h">
      <Filter>EngineCore</Filter>
    </ClInclude>
    <ClInclude Include="EngineCore\GLibTexture.h">
      <Filter>EngineCore</Filter>
    </ClInclude>
    <ClInclude Include="EngineCore\GLibConstantBuffer.h">
      <Filter>EngineCore</Filter>
    </ClInclude>
    <ClInclude Include="EngineCore\GLibDescriptorPool.h">
      <Filter>EngineCore</Filter>
    </ClInclude>
    <ClInclude Include="EngineCore\GLibTime.h">
      <Filter>EngineCore</Filter>
    </ClInclude>
    <ClInclude Include="EngineCore\GLibMemory.h">
      <Filter>EngineCore</Filter>
    </ClInclude>
    <ClInclude Include="EngineCore\GLibBinaryLoader.h">
      <Filter>EngineCore</Filter>
    </ClInclude>
    <ClInclude Include="EngineCore\Vendor\nlohmann\adl_serializer.hpp">
      <Filter>EngineCore\Vendor\nlohmann</Filter>
    </ClInclude>
    <ClInclude Include="EngineCore\Vendor\nlohmann\byte_container_with_subtype.hpp">
      <Filter>EngineCore\Vendor\nlohmann</Filter>
    </ClInclude>
    <ClInclude Include="EngineCore\Vendor\nlohmann\detail\abi_macros.hpp">
      <Filter>EngineCore\Vendor\nlohmann</Filter>
    </ClInclude>
    <ClInclude Include="EngineCore\Vendor\nlohmann\detail\conversions\from_json.hpp">
      <Filter>EngineCore\Vendor\nlohmann</Filter>
    </ClInclude>
    <ClInclude Include="EngineCore\Vendor\nlohmann\detail\conversions\to_chars.hpp">
      <Filter>EngineCore\Vendor\nlohmann</Filter>
    </ClInclude>
    <ClInclude Include="EngineCore\Vendor\nlohmann\detail\conversions\to_json.hpp">
      <Filter>EngineCore\Vendor\nlohmann</Filter>
    </ClInclude>
    <ClInclude Include="EngineCore\Vendor\nlohmann\detail\exceptions.hpp">
      <Filter>EngineCore\Vendor\nlohmann</Filter>
    </ClInclude>
    <ClInclude Include="EngineCore\Vendor\nlohmann\detail\hash.hpp">
      <Filter>EngineCore\Vendor\nlohmann</Filter>
    </ClInclude>
    <ClInclude Include="EngineCore\Vendor\nlohmann\detail\input\binary_reader.hpp">
      <Filter>EngineCore\Vendor\nlohmann</Filter>
    </ClInclude>
    <ClInclude Include="EngineCore\Vendor\nlohmann\detail\input\input_adapters.hpp">
      <Filter>EngineCore\Vendor\nlohmann</Filter>
    </ClInclude>
    <ClInclude Include="EngineCore\Vendor\nlohmann\detail\input\json_sax.hpp">
      <Filter>EngineCore\Vendor\nlohmann</Filter>
    </ClInclude>
    <ClInclude Include="EngineCore\Vendor\nlohmann\detail\input\lexer.hpp">
      <Filter>EngineCore\Vendor\nlohmann</Filter>
    </ClInclude>
    <ClInclude Include="EngineCore\Vendor\nlohmann\detail\input\parser.hpp">
      <Filter>EngineCore\Vendor\nlohmann</Filter>
    </ClInclude>
    <ClInclude Include="EngineCore\Vendor\nlohmann\detail\input\position_t.hpp">
      <Filter>EngineCore\Vendor\nlohmann</Filter>
    </ClInclude>
    <ClInclude Include="EngineCore\Vendor\nlohmann\detail\iterators\internal_iterator.hpp">
      <Filter>EngineCore\Vendor\nlohmann</Filter>
    </ClInclude>
    <ClInclude Include="EngineCore\Vendor\nlohmann\detail\iterators\iteration_proxy.hpp">
      <Filter>EngineCore\Vendor\nlohmann</Filter>
    </ClInclude>
    <ClInclude Include="EngineCore\Vendor\nlohmann\detail\iterators\iterator_traits.hpp">
      <Filter>EngineCore\Vendor\nlohmann</Filter>
    </ClInclude>
    <ClInclude Include="EngineCore\Vendor\nlohmann\detail\iterators\iter_impl.hpp">
      <Filter>EngineCore\Vendor\nlohmann</Filter>
    </ClInclude>
    <ClInclude Include="EngineCore\Vendor\nlohmann\detail\iterators\json_reverse_iterator.hpp">
      <Filter>EngineCore\Vendor\nlohmann</Filter>
    </ClInclude>
    <ClInclude Include="EngineCore\Vendor\nlohmann\detail\iterators\primitive_iterator.hpp">
      <Filter>EngineCore\Vendor\nlohmann</Filter>
    </ClInclude>
    <ClInclude Include="EngineCore\Vendor\nlohmann\detail\json_custom_base_class.hpp">
      <Filter>EngineCore\Vendor\nlohmann</Filter>
    </ClInclude>
    <ClInclude Include="EngineCore\Vendor\nlohmann\detail\json_pointer.hpp">
      <Filter>EngineCore\Vendor\nlohmann</Filter>
    </ClInclude>
    <ClInclude Include="EngineCore\Vendor\nlohmann\detail\json_ref.hpp">
      <Filter>EngineCore\Vendor\nlohmann</Filter>
    </ClInclude>
    <ClInclude Include="EngineCore\Vendor\nlohmann\detail\macro_scope.hpp">
      <Filter>EngineCore\Vendor\nlohmann</Filter>
    </ClInclude>
    <ClInclude Include="EngineCore\Vendor\nlohmann\detail\macro_unscope.hpp">
      <Filter>EngineCore\Vendor\nlohmann</Filter>
    </ClInclude>
    <ClInclude Include="EngineCore\Vendor\nlohmann\detail\meta\call_std\begin.hpp">
      <Filter>EngineCore\Vendor\nlohmann</Filter>
    </ClInclude>
    <ClInclude Include="EngineCore\Vendor\nlohmann\detail\meta\call_std\end.hpp">
      <Filter>EngineCore\Vendor\nlohmann</Filter>
    </ClInclude>
    <ClInclude Include="EngineCore\Vendor\nlohmann\detail\meta\cpp_future.hpp">
      <Filter>EngineCore\Vendor\nlohmann</Filter>
    </ClInclude>
    <ClInclude Include="EngineCore\Vendor\nlohmann\detail\meta\detected.hpp">
      <Filter>EngineCore\Vendor\nlohmann</Filter>
    </ClInclude>
    <ClInclude Include="EngineCore\Vendor\nlohmann\detail\meta\identity_tag.hpp">
      <Filter>EngineCore\Vendor\nlohmann</Filter>
    </ClInclude>
    <ClInclude Include="EngineCore\Vendor\nlohmann\detail\meta\is_sax.hpp">
      <Filter>EngineCore\Vendor\nlohmann</Filter>
    </ClInclude>
    <ClInclude Include="EngineCore\Vendor\nlohmann\detail\meta\std_fs.hpp">
      <Filter>EngineCore\Vendor\nlohmann</Filter>
    </ClInclude>
    <ClInclude Include="EngineCore\Vendor\nlohmann\detail\meta\type_traits.hpp">
      <Filter>EngineCore\Vendor\nlohmann</Filter>
    </ClInclude>
    <ClInclude Include="EngineCore\Vendor\nlohmann\detail\meta\void_t.hpp">
      <Filter>EngineCore\Vendor\nlohmann</Filter>
    </ClInclude>
    <ClInclude Include="EngineCore\Vendor\nlohmann\detail\output\binary_writer.hpp">
      <Filter>EngineCore\Vendor\nlohmann</Filter>
    </ClInclude>
    <ClInclude Include="EngineCore\Vendor\nlohmann\detail\output\output_adapters.hpp">
      <Filter>EngineCore\Vendor\nlohmann</Filter>
    </ClInclude>
    <ClInclude Include="EngineCore\Vendor\nlohmann\detail\output\serializer.hpp">
      <Filter>EngineCore\Vendor\nlohmann</Filter>
    </ClInclude>
    <ClInclude Include="EngineCore\Vendor\nlohmann\detail\string_concat.hpp">
      <Filter>EngineCore\Vendor\nlohmann</Filter>
    </ClInclude>
    <ClInclude Include="EngineCore\Vendor\nlohmann\detail\string_escape.hpp">
      <Filter>EngineCore\Vendor\nlohmann</Filter>
    </ClInclude>
    <ClInclude Include="EngineCore\Vendor\nlohmann\detail\value_t.hpp">
      <Filter>EngineCore\Vendor\nlohmann</Filter>
    </ClInclude>
    <ClInclude Include="EngineCore\Vendor\nlohmann\json.hpp">
      <Filter>EngineCore\Vendor\nlohmann</Filter>
    </ClInclude>
    <ClInclude Include="EngineCore\Vendor\nlohmann\json_fwd.hpp">
      <Filter>EngineCore\Vendor\nlohmann</Filter>
    </ClInclude>
    <ClInclude Include="EngineCore\Vendor\nlohmann\ordered_map.hpp">
      <Filter>EngineCore\Vendor\nlohmann</Filter>
    </ClInclude>
    <ClInclude Include="EngineCore\Vendor\nlohmann\thirdparty\hedley\hedley.hpp">
      <Filter>EngineCore\Vendor\nlohmann</Filter>
    </ClInclude>
    <ClInclude Include="EngineCore\Vendor\nlohmann\thirdparty\hedley\hedley_undef.hpp">
      <Filter>EngineCore\Vendor\nlohmann</Filter>
    </ClInclude>
    <ClInclude Include="EngineCore\Vendor\magic_enum\magic_enum.hpp">
      <Filter>EngineCore\Vendor\magic_enum</Filter>
    </ClInclude>
    <ClInclude Include="EngineCore\Vendor\stbi\stb_image.h">
      <Filter>EngineCore\Vendor\stbi</Filter>
    </ClInclude>
  </ItemGroup>
  <ItemGroup>
    <FxCompile Include="Resources\Shaders\SpritePS.hlsl">
      <Filter>Resources\Shaders</Filter>
    </FxCompile>
    <FxCompile Include="Resources\Shaders\SpriteVS.hlsl">
      <Filter>Resources\Shaders</Filter>
    </FxCompile>
  </ItemGroup>
</Project>